
Microsoft Visual Studio Solution File, Format Version 12.00
# Visual Studio 15
Project("{FAE04EC0-301F-11D3-BF4B-00C04F79EFBC}") = "Assembly-CSharp", "Assembly-CSharp.csproj", "{1D5C1B0B-3195-AE5A-DD02-39640DC5C51A}"
EndProject
Project("{FAE04EC0-301F-11D3-BF4B-00C04F79EFBC}") = "Assembly-CSharp-Editor-firstpass", "Assembly-CSharp-Editor-firstpass.csproj", "{9126610A-94CB-8D32-AF10-337C157257C4}"
EndProject
Global
	GlobalSection(SolutionConfigurationPlatforms) = preSolution
		Debug|Any CPU = Debug|Any CPU
		Release|Any CPU = Release|Any CPU
	EndGlobalSection
	GlobalSection(ProjectConfigurationPlatforms) = postSolution
		{1D5C1B0B-3195-AE5A-DD02-39640DC5C51A}.Debug|Any CPU.ActiveCfg = Debug|Any CPU
		{1D5C1B0B-3195-AE5A-DD02-39640DC5C51A}.Debug|Any CPU.Build.0 = Debug|Any CPU
		{1D5C1B0B-3195-AE5A-DD02-39640DC5C51A}.Release|Any CPU.ActiveCfg = Release|Any CPU
		{1D5C1B0B-3195-AE5A-DD02-39640DC5C51A}.Release|Any CPU.Build.0 = Release|Any CPU
		{9126610A-94CB-8D32-AF10-337C157257C4}.Debug|Any CPU.ActiveCfg = Debug|Any CPU
		{9126610A-94CB-8D32-AF10-337C157257C4}.Debug|Any CPU.Build.0 = Debug|Any CPU
		{9126610A-94CB-8D32-AF10-337C157257C4}.Release|Any CPU.ActiveCfg = Release|Any CPU
		{9126610A-94CB-8D32-AF10-337C157257C4}.Release|Any CPU.Build.0 = Release|Any CPU
	EndGlobalSection
	GlobalSection(SolutionProperties) = preSolution
		HideSolutionNode = FALSE
	EndGlobalSection
EndGlobal
